
Microsoft Visual Studio Solution File, Format Version 12.00
# Visual Studio Version 17
VisualStudioVersion = 17.0.31903.59
MinimumVisualStudioVersion = 10.0.40219.1
Project("{2150E333-8FDC-42A3-9474-1A3956D46DE8}") = "src", "src", "{CCB684A5-3401-417D-96F6-9C14060B7B31}"
EndProject
Project("{FAE04EC0-301F-11D3-BF4B-00C04F79EFBC}") = "TmTimeTracker", "src\TmTimeTracker\TmTimeTracker.csproj", "{CAF8252D-E590-4EEA-97F4-95A820B7AACE}"
EndProject
Project("{2150E333-8FDC-42A3-9474-1A3956D46DE8}") = "tests", "tests", "{D1A97B17-AE73-41C6-8377-848E13A88422}"
EndProject
Project("{FAE04EC0-301F-11D3-BF4B-00C04F79EFBC}") = "TmTimeTracker.Tests", "tests\TmTimeTracker.Tests\TmTimeTracker.Tests.csproj", "{ACCCFFAD-2385-48DB-B9BB-BBD5173EAF0F}"
EndProject
Global
	GlobalSection(SolutionConfigurationPlatforms) = preSolution
		Debug|Any CPU = Debug|Any CPU
		Release|Any CPU = Release|Any CPU
	EndGlobalSection
	GlobalSection(SolutionProperties) = preSolution
		HideSolutionNode = FALSE
	EndGlobalSection
	GlobalSection(ProjectConfigurationPlatforms) = postSolution
		{CAF8252D-E590-4EEA-97F4-95A820B7AACE}.Debug|Any CPU.ActiveCfg = Debug|Any CPU
		{CAF8252D-E590-4EEA-97F4-95A820B7AACE}.Debug|Any CPU.Build.0 = Debug|Any CPU
		{CAF8252D-E590-4EEA-97F4-95A820B7AACE}.Release|Any CPU.ActiveCfg = Release|Any CPU
		{CAF8252D-E590-4EEA-97F4-95A820B7AACE}.Release|Any CPU.Build.0 = Release|Any CPU
		{ACCCFFAD-2385-48DB-B9BB-BBD5173EAF0F}.Debug|Any CPU.ActiveCfg = Debug|Any CPU
		{ACCCFFAD-2385-48DB-B9BB-BBD5173EAF0F}.Debug|Any CPU.Build.0 = Debug|Any CPU
		{ACCCFFAD-2385-48DB-B9BB-BBD5173EAF0F}.Release|Any CPU.ActiveCfg = Release|Any CPU
		{ACCCFFAD-2385-48DB-B9BB-BBD5173EAF0F}.Release|Any CPU.Build.0 = Release|Any CPU
	EndGlobalSection
	GlobalSection(NestedProjects) = preSolution
		{CAF8252D-E590-4EEA-97F4-95A820B7AACE} = {CCB684A5-3401-417D-96F6-9C14060B7B31}
		{ACCCFFAD-2385-48DB-B9BB-BBD5173EAF0F} = {D1A97B17-AE73-41C6-8377-848E13A88422}
	EndGlobalSection
EndGlobal
